{
  "nodes": {
    "base0": {
      "inputs": {
        "build-utils": "build-utils",
        "nixpkgs": "nixpkgs"
      },
      "locked": {
        "lastModified": 1668787169,
        "narHash": "sha256-GGDjU8gA47HXbNNotKXyB0Z81mtPzHMBVPKsGl5B5OI=",
        "owner": "sixears",
        "repo": "base0",
        "rev": "80413a098a817ec7052f349bf33d2532603ea057",
        "type": "github"
      },
      "original": {
        "owner": "sixears",
        "ref": "r0.0.4.8",
        "repo": "base0",
        "type": "github"
      }
    },
    "base0t": {
      "inputs": {
        "base0": "base0",
        "build-utils": "build-utils_2",
        "nixpkgs": "nixpkgs_2"
      },
      "locked": {
        "lastModified": 1668787125,
        "narHash": "sha256-DCuCrWx54jGYYaSN9hM6cYwRXftQ7XfY7sl5+EBMIkk=",
        "owner": "sixears",
        "repo": "base0t",
        "rev": "c56a689e43b72021267f425896fa066edadb2942",
        "type": "github"
      },
      "original": {
        "owner": "sixears",
        "ref": "r0.0.1.10",
        "repo": "base0t",
        "type": "github"
      }
    },
    "build-utils": {
      "inputs": {
        "flake-utils": "flake-utils"
      },
      "locked": {
        "lastModified": 1668787093,
        "narHash": "sha256-WwETO8h4yRbEsIRQsNkO77PtRTeZm8U9cNOgq5u6utQ=",
        "owner": "sixears",
        "repo": "flake-build-utils",
        "rev": "1031769cee7a5ac37fc7b310d36a4131bce8bad3",
        "type": "github"
      },
      "original": {
        "owner": "sixears",
        "ref": "r1.0.0.12",
        "repo": "flake-build-utils",
        "type": "github"
      }
    },
    "build-utils_2": {
      "inputs": {
        "flake-utils": "flake-utils_2"
      },
      "locked": {
        "lastModified": 1668787093,
        "narHash": "sha256-WwETO8h4yRbEsIRQsNkO77PtRTeZm8U9cNOgq5u6utQ=",
        "owner": "sixears",
        "repo": "flake-build-utils",
        "rev": "1031769cee7a5ac37fc7b310d36a4131bce8bad3",
        "type": "github"
      },
      "original": {
        "owner": "sixears",
        "ref": "r1.0.0.12",
        "repo": "flake-build-utils",
        "type": "github"
      }
    },
    "build-utils_3": {
      "inputs": {
        "flake-utils": "flake-utils_3"
      },
      "locked": {
        "lastModified": 1668787093,
        "narHash": "sha256-WwETO8h4yRbEsIRQsNkO77PtRTeZm8U9cNOgq5u6utQ=",
        "owner": "sixears",
        "repo": "flake-build-utils",
        "rev": "1031769cee7a5ac37fc7b310d36a4131bce8bad3",
        "type": "github"
      },
      "original": {
        "owner": "sixears",
        "ref": "r1.0.0.12",
        "repo": "flake-build-utils",
        "type": "github"
      }
    },
    "build-utils_4": {
      "inputs": {
        "flake-utils": "flake-utils_4"
      },
      "locked": {
        "lastModified": 1668787093,
        "narHash": "sha256-WwETO8h4yRbEsIRQsNkO77PtRTeZm8U9cNOgq5u6utQ=",
        "owner": "sixears",
        "repo": "flake-build-utils",
        "rev": "1031769cee7a5ac37fc7b310d36a4131bce8bad3",
        "type": "github"
      },
      "original": {
        "owner": "sixears",
        "ref": "r1.0.0.12",
        "repo": "flake-build-utils",
        "type": "github"
      }
    },
    "build-utils_5": {
      "inputs": {
        "flake-utils": "flake-utils_5"
      },
      "locked": {
        "lastModified": 1668787093,
        "narHash": "sha256-WwETO8h4yRbEsIRQsNkO77PtRTeZm8U9cNOgq5u6utQ=",
        "owner": "sixears",
        "repo": "flake-build-utils",
        "rev": "1031769cee7a5ac37fc7b310d36a4131bce8bad3",
        "type": "github"
      },
      "original": {
        "owner": "sixears",
        "ref": "r1.0.0.12",
        "repo": "flake-build-utils",
        "type": "github"
      }
    },
    "build-utils_6": {
      "inputs": {
        "flake-utils": "flake-utils_6"
      },
      "locked": {
        "lastModified": 1668787093,
        "narHash": "sha256-WwETO8h4yRbEsIRQsNkO77PtRTeZm8U9cNOgq5u6utQ=",
        "owner": "sixears",
        "repo": "flake-build-utils",
        "rev": "1031769cee7a5ac37fc7b310d36a4131bce8bad3",
        "type": "github"
      },
      "original": {
        "owner": "sixears",
        "ref": "r1.0.0.12",
        "repo": "flake-build-utils",
        "type": "github"
      }
    },
    "build-utils_7": {
      "inputs": {
        "flake-utils": "flake-utils_7"
      },
      "locked": {
        "lastModified": 1668787093,
        "narHash": "sha256-WwETO8h4yRbEsIRQsNkO77PtRTeZm8U9cNOgq5u6utQ=",
        "owner": "sixears",
        "repo": "flake-build-utils",
        "rev": "1031769cee7a5ac37fc7b310d36a4131bce8bad3",
        "type": "github"
      },
      "original": {
        "owner": "sixears",
        "ref": "r1.0.0.12",
        "repo": "flake-build-utils",
        "type": "github"
      }
    },
    "build-utils_8": {
      "inputs": {
        "flake-utils": "flake-utils_8"
      },
      "locked": {
        "lastModified": 1668787093,
        "narHash": "sha256-WwETO8h4yRbEsIRQsNkO77PtRTeZm8U9cNOgq5u6utQ=",
        "owner": "sixears",
        "repo": "flake-build-utils",
        "rev": "1031769cee7a5ac37fc7b310d36a4131bce8bad3",
        "type": "github"
      },
      "original": {
        "owner": "sixears",
        "ref": "r1.0.0.12",
        "repo": "flake-build-utils",
        "type": "github"
      }
    },
    "build-utils_9": {
      "inputs": {
        "flake-utils": "flake-utils_9"
      },
      "locked": {
        "lastModified": 1668787093,
        "narHash": "sha256-WwETO8h4yRbEsIRQsNkO77PtRTeZm8U9cNOgq5u6utQ=",
        "owner": "sixears",
        "repo": "flake-build-utils",
        "rev": "1031769cee7a5ac37fc7b310d36a4131bce8bad3",
        "type": "github"
      },
      "original": {
        "owner": "sixears",
        "ref": "r1.0.0.12",
        "repo": "flake-build-utils",
        "type": "github"
      }
    },
    "flake-utils": {
      "locked": {
        "lastModified": 1659877975,
        "narHash": "sha256-zllb8aq3YO3h8B/U0/J1WBgAL8EX5yWf5pMj3G0NAmc=",
        "owner": "numtide",
        "repo": "flake-utils",
        "rev": "c0e246b9b83f637f4681389ecabcb2681b4f3af0",
        "type": "github"
      },
      "original": {
        "owner": "numtide",
        "ref": "c0e246b9",
        "repo": "flake-utils",
        "type": "github"
      }
    },
    "flake-utils_2": {
      "locked": {
        "lastModified": 1659877975,
        "narHash": "sha256-zllb8aq3YO3h8B/U0/J1WBgAL8EX5yWf5pMj3G0NAmc=",
        "owner": "numtide",
        "repo": "flake-utils",
        "rev": "c0e246b9b83f637f4681389ecabcb2681b4f3af0",
        "type": "github"
      },
      "original": {
        "owner": "numtide",
        "ref": "c0e246b9",
        "repo": "flake-utils",
        "type": "github"
      }
    },
    "flake-utils_3": {
      "locked": {
        "lastModified": 1659877975,
        "narHash": "sha256-zllb8aq3YO3h8B/U0/J1WBgAL8EX5yWf5pMj3G0NAmc=",
        "owner": "numtide",
        "repo": "flake-utils",
        "rev": "c0e246b9b83f637f4681389ecabcb2681b4f3af0",
        "type": "github"
      },
      "original": {
        "owner": "numtide",
        "ref": "c0e246b9",
        "repo": "flake-utils",
        "type": "github"
      }
    },
    "flake-utils_4": {
      "locked": {
        "lastModified": 1659877975,
        "narHash": "sha256-zllb8aq3YO3h8B/U0/J1WBgAL8EX5yWf5pMj3G0NAmc=",
        "owner": "numtide",
        "repo": "flake-utils",
        "rev": "c0e246b9b83f637f4681389ecabcb2681b4f3af0",
        "type": "github"
      },
      "original": {
        "owner": "numtide",
        "ref": "c0e246b9",
        "repo": "flake-utils",
        "type": "github"
      }
    },
    "flake-utils_5": {
      "locked": {
        "lastModified": 1659877975,
        "narHash": "sha256-zllb8aq3YO3h8B/U0/J1WBgAL8EX5yWf5pMj3G0NAmc=",
        "owner": "numtide",
        "repo": "flake-utils",
        "rev": "c0e246b9b83f637f4681389ecabcb2681b4f3af0",
        "type": "github"
      },
      "original": {
        "owner": "numtide",
        "ref": "c0e246b9",
        "repo": "flake-utils",
        "type": "github"
      }
    },
    "flake-utils_6": {
      "locked": {
        "lastModified": 1659877975,
        "narHash": "sha256-zllb8aq3YO3h8B/U0/J1WBgAL8EX5yWf5pMj3G0NAmc=",
        "owner": "numtide",
        "repo": "flake-utils",
        "rev": "c0e246b9b83f637f4681389ecabcb2681b4f3af0",
        "type": "github"
      },
      "original": {
        "owner": "numtide",
        "ref": "c0e246b9",
        "repo": "flake-utils",
        "type": "github"
      }
    },
    "flake-utils_7": {
      "locked": {
        "lastModified": 1659877975,
        "narHash": "sha256-zllb8aq3YO3h8B/U0/J1WBgAL8EX5yWf5pMj3G0NAmc=",
        "owner": "numtide",
        "repo": "flake-utils",
        "rev": "c0e246b9b83f637f4681389ecabcb2681b4f3af0",
        "type": "github"
      },
      "original": {
        "owner": "numtide",
        "ref": "c0e246b9",
        "repo": "flake-utils",
        "type": "github"
      }
    },
    "flake-utils_8": {
      "locked": {
        "lastModified": 1659877975,
        "narHash": "sha256-zllb8aq3YO3h8B/U0/J1WBgAL8EX5yWf5pMj3G0NAmc=",
        "owner": "numtide",
        "repo": "flake-utils",
        "rev": "c0e246b9b83f637f4681389ecabcb2681b4f3af0",
        "type": "github"
      },
      "original": {
        "owner": "numtide",
        "ref": "c0e246b9",
        "repo": "flake-utils",
        "type": "github"
      }
    },
    "flake-utils_9": {
      "locked": {
        "lastModified": 1659877975,
        "narHash": "sha256-zllb8aq3YO3h8B/U0/J1WBgAL8EX5yWf5pMj3G0NAmc=",
        "owner": "numtide",
        "repo": "flake-utils",
        "rev": "c0e246b9b83f637f4681389ecabcb2681b4f3af0",
        "type": "github"
      },
      "original": {
        "owner": "numtide",
        "ref": "c0e246b9",
        "repo": "flake-utils",
        "type": "github"
      }
    },
    "has-callstack": {
      "inputs": {
        "build-utils": "build-utils_4",
        "more-unicode": "more-unicode",
        "natural": "natural",
        "nixpkgs": "nixpkgs_6"
      },
      "locked": {
        "lastModified": 1668787150,
        "narHash": "sha256-dB60DSJMbjA/ES37h/vEy1uSeFCdO7X4vIkEa6VEhIQ=",
        "owner": "sixears",
        "repo": "has-callstack",
        "rev": "5f57ea61fe2d2c37a33d3da5ba1ca80a70617151",
        "type": "github"
      },
      "original": {
        "owner": "sixears",
        "ref": "r1.0.1.13",
        "repo": "has-callstack",
        "type": "github"
      }
    },
    "more-unicode": {
      "inputs": {
        "build-utils": "build-utils_5",
        "nixpkgs": "nixpkgs_3"
      },
      "locked": {
        "lastModified": 1668787176,
        "narHash": "sha256-HDdWzhYjWTzRCwySohL+7UtttiYbsZ6pqR7x5TMVL/w=",
        "owner": "sixears",
        "repo": "more-unicode",
        "rev": "11c6eba72962aea6f568d0f1944be9e34d17daab",
        "type": "github"
      },
      "original": {
        "owner": "sixears",
        "ref": "r0.0.17.9",
        "repo": "more-unicode",
        "type": "github"
      }
    },
    "more-unicode_2": {
      "inputs": {
        "build-utils": "build-utils_7",
        "nixpkgs": "nixpkgs_4"
      },
      "locked": {
        "lastModified": 1668787176,
        "narHash": "sha256-HDdWzhYjWTzRCwySohL+7UtttiYbsZ6pqR7x5TMVL/w=",
        "owner": "sixears",
        "repo": "more-unicode",
        "rev": "11c6eba72962aea6f568d0f1944be9e34d17daab",
        "type": "github"
      },
      "original": {
        "owner": "sixears",
        "ref": "r0.0.17.9",
        "repo": "more-unicode",
        "type": "github"
      }
    },
    "more-unicode_3": {
      "inputs": {
        "build-utils": "build-utils_8",
        "nixpkgs": "nixpkgs_7"
      },
      "locked": {
        "lastModified": 1668787176,
        "narHash": "sha256-HDdWzhYjWTzRCwySohL+7UtttiYbsZ6pqR7x5TMVL/w=",
        "owner": "sixears",
        "repo": "more-unicode",
        "rev": "11c6eba72962aea6f568d0f1944be9e34d17daab",
        "type": "github"
      },
      "original": {
        "owner": "sixears",
        "ref": "r0.0.17.9",
        "repo": "more-unicode",
        "type": "github"
      }
    },
    "natural": {
      "inputs": {
        "build-utils": "build-utils_6",
        "more-unicode": "more-unicode_2",
        "nixpkgs": "nixpkgs_5"
      },
      "locked": {
        "lastModified": 1668787173,
        "narHash": "sha256-2GXQsnxnMYuNNvuLqcxbVUHwcFmCS30piUik5MTrCtc=",
        "owner": "sixears",
        "repo": "natural",
        "rev": "5150043b3cf486b763fe892be5431c383964f9d5",
        "type": "github"
      },
      "original": {
        "owner": "sixears",
        "ref": "r0.0.1.10",
        "repo": "natural",
        "type": "github"
      }
    },
    "nixpkgs": {
      "locked": {
        "lastModified": 1665856284,
        "narHash": "sha256-FQusb2DuFo8UF0jhUSPFhDKc40jRbHcdyyw4anN20WA=",
        "owner": "nixos",
        "repo": "nixpkgs",
        "rev": "be44bf672c61a284f759898d1e59077b00655c4c",
        "type": "github"
      },
      "original": {
        "owner": "nixos",
        "ref": "be44bf67",
        "repo": "nixpkgs",
        "type": "github"
      }
    },
    "nixpkgs_2": {
      "locked": {
        "lastModified": 1665856284,
        "narHash": "sha256-FQusb2DuFo8UF0jhUSPFhDKc40jRbHcdyyw4anN20WA=",
        "owner": "nixos",
        "repo": "nixpkgs",
        "rev": "be44bf672c61a284f759898d1e59077b00655c4c",
        "type": "github"
      },
      "original": {
        "owner": "nixos",
        "ref": "be44bf67",
        "repo": "nixpkgs",
        "type": "github"
      }
    },
    "nixpkgs_3": {
      "locked": {
        "lastModified": 1665856284,
        "narHash": "sha256-FQusb2DuFo8UF0jhUSPFhDKc40jRbHcdyyw4anN20WA=",
        "owner": "nixos",
        "repo": "nixpkgs",
        "rev": "be44bf672c61a284f759898d1e59077b00655c4c",
        "type": "github"
      },
      "original": {
        "owner": "nixos",
        "ref": "be44bf67",
        "repo": "nixpkgs",
        "type": "github"
      }
    },
    "nixpkgs_4": {
      "locked": {
        "lastModified": 1665856284,
        "narHash": "sha256-FQusb2DuFo8UF0jhUSPFhDKc40jRbHcdyyw4anN20WA=",
        "owner": "nixos",
        "repo": "nixpkgs",
        "rev": "be44bf672c61a284f759898d1e59077b00655c4c",
        "type": "github"
      },
      "original": {
        "owner": "nixos",
        "ref": "be44bf67",
        "repo": "nixpkgs",
        "type": "github"
      }
    },
    "nixpkgs_5": {
      "locked": {
        "lastModified": 1665856284,
        "narHash": "sha256-FQusb2DuFo8UF0jhUSPFhDKc40jRbHcdyyw4anN20WA=",
        "owner": "nixos",
        "repo": "nixpkgs",
        "rev": "be44bf672c61a284f759898d1e59077b00655c4c",
        "type": "github"
      },
      "original": {
        "owner": "nixos",
        "ref": "be44bf67",
        "repo": "nixpkgs",
        "type": "github"
      }
    },
    "nixpkgs_6": {
      "locked": {
        "lastModified": 1665856284,
        "narHash": "sha256-FQusb2DuFo8UF0jhUSPFhDKc40jRbHcdyyw4anN20WA=",
        "owner": "nixos",
        "repo": "nixpkgs",
        "rev": "be44bf672c61a284f759898d1e59077b00655c4c",
        "type": "github"
      },
      "original": {
        "owner": "nixos",
        "ref": "be44bf67",
        "repo": "nixpkgs",
        "type": "github"
      }
    },
    "nixpkgs_7": {
      "locked": {
        "lastModified": 1665856284,
        "narHash": "sha256-FQusb2DuFo8UF0jhUSPFhDKc40jRbHcdyyw4anN20WA=",
        "owner": "nixos",
        "repo": "nixpkgs",
        "rev": "be44bf672c61a284f759898d1e59077b00655c4c",
        "type": "github"
      },
      "original": {
        "owner": "nixos",
        "ref": "be44bf67",
        "repo": "nixpkgs",
        "type": "github"
      }
    },
    "nixpkgs_8": {
      "locked": {
        "lastModified": 1665856284,
        "narHash": "sha256-FQusb2DuFo8UF0jhUSPFhDKc40jRbHcdyyw4anN20WA=",
        "owner": "nixos",
        "repo": "nixpkgs",
        "rev": "be44bf672c61a284f759898d1e59077b00655c4c",
        "type": "github"
      },
      "original": {
        "owner": "nixos",
        "ref": "be44bf67",
        "repo": "nixpkgs",
        "type": "github"
      }
    },
    "nixpkgs_9": {
      "locked": {
        "lastModified": 1665856284,
        "narHash": "sha256-FQusb2DuFo8UF0jhUSPFhDKc40jRbHcdyyw4anN20WA=",
        "owner": "nixos",
        "repo": "nixpkgs",
        "rev": "be44bf672c61a284f759898d1e59077b00655c4c",
        "type": "github"
      },
      "original": {
        "owner": "nixos",
        "ref": "be44bf67",
        "repo": "nixpkgs",
        "type": "github"
      }
    },
    "number": {
      "inputs": {
        "build-utils": "build-utils_9",
        "nixpkgs": "nixpkgs_9"
      },
      "locked": {
        "lastModified": 1668787143,
        "narHash": "sha256-z6yUpmdBAkGoGNJeByrfeyCbLSmoSBgdZHjlh0PQB9o=",
        "owner": "sixears",
        "repo": "number",
        "rev": "bdf385c47f54cad5171677b6794c59bf62cd411d",
        "type": "github"
      },
      "original": {
        "owner": "sixears",
        "ref": "r1.1.2.11",
        "repo": "number",
        "type": "github"
      }
    },
    "root": {
      "inputs": {
        "base0t": "base0t",
        "build-utils": "build-utils_3",
        "has-callstack": "has-callstack",
        "more-unicode": "more-unicode_3",
        "nixpkgs": "nixpkgs_8",
        "number": "number"
      }
    }
  },
  "root": "root",
  "version": 7
}
