{
  "nodes": {
    "base0": {
      "inputs": {
        "build-utils": "build-utils",
        "nixpkgs": "nixpkgs"
      },
      "locked": {
        "lastModified": 1668927060,
        "narHash": "sha256-1q3GJ3f65asWHsgaRTOVTDjdxhzLN0hngfldNjpWO2k=",
        "owner": "sixears",
        "repo": "base0",
        "rev": "46ac2fb278512f35ed64d5575d0eaa6711faa4f4",
        "type": "github"
      },
      "original": {
        "owner": "sixears",
        "ref": "r0.0.4.11",
        "repo": "base0",
        "type": "github"
      }
    },
    "base0t": {
      "inputs": {
        "base0": "base0",
        "build-utils": "build-utils_2",
        "nixpkgs": "nixpkgs_2"
      },
      "locked": {
        "lastModified": 1668927208,
        "narHash": "sha256-zPBSwm76HPYgFFeLPsJJw6lEblmDQZ3Pv/iLylU4nIs=",
        "owner": "sixears",
        "repo": "base0t",
        "rev": "47175880ec09a8bd385bde1ffc65e6c825cf79d4",
        "type": "github"
      },
      "original": {
        "owner": "sixears",
        "ref": "r0.0.1.14",
        "repo": "base0t",
        "type": "github"
      }
    },
    "build-utils": {
      "inputs": {
        "flake-utils": "flake-utils"
      },
      "locked": {
        "lastModified": 1668837656,
        "narHash": "sha256-8OwroK3C07H/oljnuUugJYbvE4RAH1FEoag58SwJBiM=",
        "owner": "sixears",
        "repo": "flake-build-utils",
        "rev": "8eb022aad614f12049f552724f6cfc78f0775576",
        "type": "github"
      },
      "original": {
        "owner": "sixears",
        "ref": "r1.0.0.13",
        "repo": "flake-build-utils",
        "type": "github"
      }
    },
    "build-utils_2": {
      "inputs": {
        "flake-utils": "flake-utils_2"
      },
      "locked": {
        "lastModified": 1668837656,
        "narHash": "sha256-8OwroK3C07H/oljnuUugJYbvE4RAH1FEoag58SwJBiM=",
        "owner": "sixears",
        "repo": "flake-build-utils",
        "rev": "8eb022aad614f12049f552724f6cfc78f0775576",
        "type": "github"
      },
      "original": {
        "owner": "sixears",
        "ref": "r1.0.0.13",
        "repo": "flake-build-utils",
        "type": "github"
      }
    },
    "build-utils_3": {
      "inputs": {
        "flake-utils": "flake-utils_3"
      },
      "locked": {
        "lastModified": 1668837656,
        "narHash": "sha256-8OwroK3C07H/oljnuUugJYbvE4RAH1FEoag58SwJBiM=",
        "owner": "sixears",
        "repo": "flake-build-utils",
        "rev": "8eb022aad614f12049f552724f6cfc78f0775576",
        "type": "github"
      },
      "original": {
        "owner": "sixears",
        "ref": "r1.0.0.13",
        "repo": "flake-build-utils",
        "type": "github"
      }
    },
    "build-utils_4": {
      "inputs": {
        "flake-utils": "flake-utils_4"
      },
      "locked": {
        "lastModified": 1668837656,
        "narHash": "sha256-8OwroK3C07H/oljnuUugJYbvE4RAH1FEoag58SwJBiM=",
        "owner": "sixears",
        "repo": "flake-build-utils",
        "rev": "8eb022aad614f12049f552724f6cfc78f0775576",
        "type": "github"
      },
      "original": {
        "owner": "sixears",
        "ref": "r1.0.0.13",
        "repo": "flake-build-utils",
        "type": "github"
      }
    },
    "build-utils_5": {
      "inputs": {
        "flake-utils": "flake-utils_5"
      },
      "locked": {
        "lastModified": 1668837656,
        "narHash": "sha256-8OwroK3C07H/oljnuUugJYbvE4RAH1FEoag58SwJBiM=",
        "owner": "sixears",
        "repo": "flake-build-utils",
        "rev": "8eb022aad614f12049f552724f6cfc78f0775576",
        "type": "github"
      },
      "original": {
        "owner": "sixears",
        "ref": "r1.0.0.13",
        "repo": "flake-build-utils",
        "type": "github"
      }
    },
    "build-utils_6": {
      "inputs": {
        "flake-utils": "flake-utils_6"
      },
      "locked": {
        "lastModified": 1668837656,
        "narHash": "sha256-8OwroK3C07H/oljnuUugJYbvE4RAH1FEoag58SwJBiM=",
        "owner": "sixears",
        "repo": "flake-build-utils",
        "rev": "8eb022aad614f12049f552724f6cfc78f0775576",
        "type": "github"
      },
      "original": {
        "owner": "sixears",
        "ref": "r1.0.0.13",
        "repo": "flake-build-utils",
        "type": "github"
      }
    },
    "build-utils_7": {
      "inputs": {
        "flake-utils": "flake-utils_7"
      },
      "locked": {
        "lastModified": 1668837656,
        "narHash": "sha256-8OwroK3C07H/oljnuUugJYbvE4RAH1FEoag58SwJBiM=",
        "owner": "sixears",
        "repo": "flake-build-utils",
        "rev": "8eb022aad614f12049f552724f6cfc78f0775576",
        "type": "github"
      },
      "original": {
        "owner": "sixears",
        "ref": "r1.0.0.13",
        "repo": "flake-build-utils",
        "type": "github"
      }
    },
    "build-utils_8": {
      "inputs": {
        "flake-utils": "flake-utils_8"
      },
      "locked": {
        "lastModified": 1668837656,
        "narHash": "sha256-8OwroK3C07H/oljnuUugJYbvE4RAH1FEoag58SwJBiM=",
        "owner": "sixears",
        "repo": "flake-build-utils",
        "rev": "8eb022aad614f12049f552724f6cfc78f0775576",
        "type": "github"
      },
      "original": {
        "owner": "sixears",
        "ref": "r1.0.0.13",
        "repo": "flake-build-utils",
        "type": "github"
      }
    },
    "build-utils_9": {
      "inputs": {
        "flake-utils": "flake-utils_9"
      },
      "locked": {
        "lastModified": 1668837656,
        "narHash": "sha256-8OwroK3C07H/oljnuUugJYbvE4RAH1FEoag58SwJBiM=",
        "owner": "sixears",
        "repo": "flake-build-utils",
        "rev": "8eb022aad614f12049f552724f6cfc78f0775576",
        "type": "github"
      },
      "original": {
        "owner": "sixears",
        "ref": "r1.0.0.13",
        "repo": "flake-build-utils",
        "type": "github"
      }
    },
    "flake-utils": {
      "locked": {
        "lastModified": 1659877975,
        "narHash": "sha256-zllb8aq3YO3h8B/U0/J1WBgAL8EX5yWf5pMj3G0NAmc=",
        "owner": "numtide",
        "repo": "flake-utils",
        "rev": "c0e246b9b83f637f4681389ecabcb2681b4f3af0",
        "type": "github"
      },
      "original": {
        "owner": "numtide",
        "ref": "c0e246b9",
        "repo": "flake-utils",
        "type": "github"
      }
    },
    "flake-utils_2": {
      "locked": {
        "lastModified": 1659877975,
        "narHash": "sha256-zllb8aq3YO3h8B/U0/J1WBgAL8EX5yWf5pMj3G0NAmc=",
        "owner": "numtide",
        "repo": "flake-utils",
        "rev": "c0e246b9b83f637f4681389ecabcb2681b4f3af0",
        "type": "github"
      },
      "original": {
        "owner": "numtide",
        "ref": "c0e246b9",
        "repo": "flake-utils",
        "type": "github"
      }
    },
    "flake-utils_3": {
      "locked": {
        "lastModified": 1659877975,
        "narHash": "sha256-zllb8aq3YO3h8B/U0/J1WBgAL8EX5yWf5pMj3G0NAmc=",
        "owner": "numtide",
        "repo": "flake-utils",
        "rev": "c0e246b9b83f637f4681389ecabcb2681b4f3af0",
        "type": "github"
      },
      "original": {
        "owner": "numtide",
        "ref": "c0e246b9",
        "repo": "flake-utils",
        "type": "github"
      }
    },
    "flake-utils_4": {
      "locked": {
        "lastModified": 1659877975,
        "narHash": "sha256-zllb8aq3YO3h8B/U0/J1WBgAL8EX5yWf5pMj3G0NAmc=",
        "owner": "numtide",
        "repo": "flake-utils",
        "rev": "c0e246b9b83f637f4681389ecabcb2681b4f3af0",
        "type": "github"
      },
      "original": {
        "owner": "numtide",
        "ref": "c0e246b9",
        "repo": "flake-utils",
        "type": "github"
      }
    },
    "flake-utils_5": {
      "locked": {
        "lastModified": 1659877975,
        "narHash": "sha256-zllb8aq3YO3h8B/U0/J1WBgAL8EX5yWf5pMj3G0NAmc=",
        "owner": "numtide",
        "repo": "flake-utils",
        "rev": "c0e246b9b83f637f4681389ecabcb2681b4f3af0",
        "type": "github"
      },
      "original": {
        "owner": "numtide",
        "ref": "c0e246b9",
        "repo": "flake-utils",
        "type": "github"
      }
    },
    "flake-utils_6": {
      "locked": {
        "lastModified": 1659877975,
        "narHash": "sha256-zllb8aq3YO3h8B/U0/J1WBgAL8EX5yWf5pMj3G0NAmc=",
        "owner": "numtide",
        "repo": "flake-utils",
        "rev": "c0e246b9b83f637f4681389ecabcb2681b4f3af0",
        "type": "github"
      },
      "original": {
        "owner": "numtide",
        "ref": "c0e246b9",
        "repo": "flake-utils",
        "type": "github"
      }
    },
    "flake-utils_7": {
      "locked": {
        "lastModified": 1659877975,
        "narHash": "sha256-zllb8aq3YO3h8B/U0/J1WBgAL8EX5yWf5pMj3G0NAmc=",
        "owner": "numtide",
        "repo": "flake-utils",
        "rev": "c0e246b9b83f637f4681389ecabcb2681b4f3af0",
        "type": "github"
      },
      "original": {
        "owner": "numtide",
        "ref": "c0e246b9",
        "repo": "flake-utils",
        "type": "github"
      }
    },
    "flake-utils_8": {
      "locked": {
        "lastModified": 1659877975,
        "narHash": "sha256-zllb8aq3YO3h8B/U0/J1WBgAL8EX5yWf5pMj3G0NAmc=",
        "owner": "numtide",
        "repo": "flake-utils",
        "rev": "c0e246b9b83f637f4681389ecabcb2681b4f3af0",
        "type": "github"
      },
      "original": {
        "owner": "numtide",
        "ref": "c0e246b9",
        "repo": "flake-utils",
        "type": "github"
      }
    },
    "flake-utils_9": {
      "locked": {
        "lastModified": 1659877975,
        "narHash": "sha256-zllb8aq3YO3h8B/U0/J1WBgAL8EX5yWf5pMj3G0NAmc=",
        "owner": "numtide",
        "repo": "flake-utils",
        "rev": "c0e246b9b83f637f4681389ecabcb2681b4f3af0",
        "type": "github"
      },
      "original": {
        "owner": "numtide",
        "ref": "c0e246b9",
        "repo": "flake-utils",
        "type": "github"
      }
    },
    "has-callstack": {
      "inputs": {
        "build-utils": "build-utils_4",
        "more-unicode": "more-unicode",
        "natural": "natural",
        "nixpkgs": "nixpkgs_6"
      },
      "locked": {
        "lastModified": 1668928630,
        "narHash": "sha256-lxdqsh05wSMQ3QMAMA5Euccm5lbFPTG50uhnChTxmxc=",
        "owner": "sixears",
        "repo": "has-callstack",
        "rev": "735266991d049f2a04f2a620373fde6e20054905",
        "type": "github"
      },
      "original": {
        "owner": "sixears",
        "ref": "r1.0.1.19",
        "repo": "has-callstack",
        "type": "github"
      }
    },
    "more-unicode": {
      "inputs": {
        "build-utils": "build-utils_5",
        "nixpkgs": "nixpkgs_3"
      },
      "locked": {
        "lastModified": 1668927114,
        "narHash": "sha256-4TlmMRQTBJwCJ2JAFA54Dgah4LPGtQC+9o7X0mhn8qw=",
        "owner": "sixears",
        "repo": "more-unicode",
        "rev": "a7d2bb321257047b12a2309ec31f1df1ba7e9fd9",
        "type": "github"
      },
      "original": {
        "owner": "sixears",
        "ref": "r0.0.17.12",
        "repo": "more-unicode",
        "type": "github"
      }
    },
    "more-unicode_2": {
      "inputs": {
        "build-utils": "build-utils_7",
        "nixpkgs": "nixpkgs_4"
      },
      "locked": {
        "lastModified": 1668927114,
        "narHash": "sha256-4TlmMRQTBJwCJ2JAFA54Dgah4LPGtQC+9o7X0mhn8qw=",
        "owner": "sixears",
        "repo": "more-unicode",
        "rev": "a7d2bb321257047b12a2309ec31f1df1ba7e9fd9",
        "type": "github"
      },
      "original": {
        "owner": "sixears",
        "ref": "r0.0.17.12",
        "repo": "more-unicode",
        "type": "github"
      }
    },
    "more-unicode_3": {
      "inputs": {
        "build-utils": "build-utils_8",
        "nixpkgs": "nixpkgs_7"
      },
      "locked": {
        "lastModified": 1668927114,
        "narHash": "sha256-4TlmMRQTBJwCJ2JAFA54Dgah4LPGtQC+9o7X0mhn8qw=",
        "owner": "sixears",
        "repo": "more-unicode",
        "rev": "a7d2bb321257047b12a2309ec31f1df1ba7e9fd9",
        "type": "github"
      },
      "original": {
        "owner": "sixears",
        "ref": "r0.0.17.12",
        "repo": "more-unicode",
        "type": "github"
      }
    },
    "natural": {
      "inputs": {
        "build-utils": "build-utils_6",
        "more-unicode": "more-unicode_2",
        "nixpkgs": "nixpkgs_5"
      },
      "locked": {
        "lastModified": 1668927248,
        "narHash": "sha256-Oq1UGCQic1x7b1PsptkHd6w3k6SyMFBVc2uhQAPOjqk=",
        "owner": "sixears",
        "repo": "natural",
        "rev": "49f5d50269ffbe5073556c3038871998d59ce0e3",
        "type": "github"
      },
      "original": {
        "owner": "sixears",
        "ref": "r0.0.1.14",
        "repo": "natural",
        "type": "github"
      }
    },
    "nixpkgs": {
      "locked": {
        "lastModified": 1665856284,
        "narHash": "sha256-FQusb2DuFo8UF0jhUSPFhDKc40jRbHcdyyw4anN20WA=",
        "owner": "nixos",
        "repo": "nixpkgs",
        "rev": "be44bf672c61a284f759898d1e59077b00655c4c",
        "type": "github"
      },
      "original": {
        "owner": "nixos",
        "ref": "be44bf67",
        "repo": "nixpkgs",
        "type": "github"
      }
    },
    "nixpkgs_2": {
      "locked": {
        "lastModified": 1665856284,
        "narHash": "sha256-FQusb2DuFo8UF0jhUSPFhDKc40jRbHcdyyw4anN20WA=",
        "owner": "nixos",
        "repo": "nixpkgs",
        "rev": "be44bf672c61a284f759898d1e59077b00655c4c",
        "type": "github"
      },
      "original": {
        "owner": "nixos",
        "ref": "be44bf67",
        "repo": "nixpkgs",
        "type": "github"
      }
    },
    "nixpkgs_3": {
      "locked": {
        "lastModified": 1665856284,
        "narHash": "sha256-FQusb2DuFo8UF0jhUSPFhDKc40jRbHcdyyw4anN20WA=",
        "owner": "nixos",
        "repo": "nixpkgs",
        "rev": "be44bf672c61a284f759898d1e59077b00655c4c",
        "type": "github"
      },
      "original": {
        "owner": "nixos",
        "ref": "be44bf67",
        "repo": "nixpkgs",
        "type": "github"
      }
    },
    "nixpkgs_4": {
      "locked": {
        "lastModified": 1665856284,
        "narHash": "sha256-FQusb2DuFo8UF0jhUSPFhDKc40jRbHcdyyw4anN20WA=",
        "owner": "nixos",
        "repo": "nixpkgs",
        "rev": "be44bf672c61a284f759898d1e59077b00655c4c",
        "type": "github"
      },
      "original": {
        "owner": "nixos",
        "ref": "be44bf67",
        "repo": "nixpkgs",
        "type": "github"
      }
    },
    "nixpkgs_5": {
      "locked": {
        "lastModified": 1665856284,
        "narHash": "sha256-FQusb2DuFo8UF0jhUSPFhDKc40jRbHcdyyw4anN20WA=",
        "owner": "nixos",
        "repo": "nixpkgs",
        "rev": "be44bf672c61a284f759898d1e59077b00655c4c",
        "type": "github"
      },
      "original": {
        "owner": "nixos",
        "ref": "be44bf67",
        "repo": "nixpkgs",
        "type": "github"
      }
    },
    "nixpkgs_6": {
      "locked": {
        "lastModified": 1665856284,
        "narHash": "sha256-FQusb2DuFo8UF0jhUSPFhDKc40jRbHcdyyw4anN20WA=",
        "owner": "nixos",
        "repo": "nixpkgs",
        "rev": "be44bf672c61a284f759898d1e59077b00655c4c",
        "type": "github"
      },
      "original": {
        "owner": "nixos",
        "ref": "be44bf67",
        "repo": "nixpkgs",
        "type": "github"
      }
    },
    "nixpkgs_7": {
      "locked": {
        "lastModified": 1665856284,
        "narHash": "sha256-FQusb2DuFo8UF0jhUSPFhDKc40jRbHcdyyw4anN20WA=",
        "owner": "nixos",
        "repo": "nixpkgs",
        "rev": "be44bf672c61a284f759898d1e59077b00655c4c",
        "type": "github"
      },
      "original": {
        "owner": "nixos",
        "ref": "be44bf67",
        "repo": "nixpkgs",
        "type": "github"
      }
    },
    "nixpkgs_8": {
      "locked": {
        "lastModified": 1665856284,
        "narHash": "sha256-FQusb2DuFo8UF0jhUSPFhDKc40jRbHcdyyw4anN20WA=",
        "owner": "nixos",
        "repo": "nixpkgs",
        "rev": "be44bf672c61a284f759898d1e59077b00655c4c",
        "type": "github"
      },
      "original": {
        "owner": "nixos",
        "ref": "be44bf67",
        "repo": "nixpkgs",
        "type": "github"
      }
    },
    "nixpkgs_9": {
      "locked": {
        "lastModified": 1665856284,
        "narHash": "sha256-FQusb2DuFo8UF0jhUSPFhDKc40jRbHcdyyw4anN20WA=",
        "owner": "nixos",
        "repo": "nixpkgs",
        "rev": "be44bf672c61a284f759898d1e59077b00655c4c",
        "type": "github"
      },
      "original": {
        "owner": "nixos",
        "ref": "be44bf67",
        "repo": "nixpkgs",
        "type": "github"
      }
    },
    "number": {
      "inputs": {
        "build-utils": "build-utils_9",
        "nixpkgs": "nixpkgs_9"
      },
      "locked": {
        "lastModified": 1668927117,
        "narHash": "sha256-2dRXfRcwTqT5symkNmQM+/wtwE0BwoDfihF/YcDLzVI=",
        "owner": "sixears",
        "repo": "number",
        "rev": "5a0df8dc1378febce4a744550471f1bcf480d777",
        "type": "github"
      },
      "original": {
        "owner": "sixears",
        "ref": "r1.1.2.14",
        "repo": "number",
        "type": "github"
      }
    },
    "root": {
      "inputs": {
        "base0t": "base0t",
        "build-utils": "build-utils_3",
        "has-callstack": "has-callstack",
        "more-unicode": "more-unicode_3",
        "nixpkgs": "nixpkgs_8",
        "number": "number"
      }
    }
  },
  "root": "root",
  "version": 7
}
