{
  "nodes": {
    "base0": {
      "inputs": {
        "build-utils": "build-utils",
        "nixpkgs": "nixpkgs"
      },
      "locked": {
        "lastModified": 1668838225,
        "narHash": "sha256-AYaTZEZIY1ZUs8eZGwdphf7c/xs032z9oX5Uw1nApVI=",
        "owner": "sixears",
        "repo": "base0",
        "rev": "786a9c24dd2c3120b99a209946c85aa5634ad861",
        "type": "github"
      },
      "original": {
        "owner": "sixears",
        "ref": "r0.0.4.9",
        "repo": "base0",
        "type": "github"
      }
    },
    "base0t": {
      "inputs": {
        "base0": "base0",
        "build-utils": "build-utils_2",
        "nixpkgs": "nixpkgs_2"
      },
      "locked": {
        "lastModified": 1668838887,
        "narHash": "sha256-qVYwP47i3YpZh8dZAZNoiiiLVYe0i6dPYt0sPUZjiVE=",
        "owner": "sixears",
        "repo": "base0t",
        "rev": "31a0025ce59b0d01fbbb255f198a24bbda5a3e4e",
        "type": "github"
      },
      "original": {
        "owner": "sixears",
        "ref": "r0.0.1.12",
        "repo": "base0t",
        "type": "github"
      }
    },
    "build-utils": {
      "inputs": {
        "flake-utils": "flake-utils"
      },
      "locked": {
        "lastModified": 1668837656,
        "narHash": "sha256-8OwroK3C07H/oljnuUugJYbvE4RAH1FEoag58SwJBiM=",
        "owner": "sixears",
        "repo": "flake-build-utils",
        "rev": "8eb022aad614f12049f552724f6cfc78f0775576",
        "type": "github"
      },
      "original": {
        "owner": "sixears",
        "ref": "r1.0.0.13",
        "repo": "flake-build-utils",
        "type": "github"
      }
    },
    "build-utils_2": {
      "inputs": {
        "flake-utils": "flake-utils_2"
      },
      "locked": {
        "lastModified": 1668837656,
        "narHash": "sha256-8OwroK3C07H/oljnuUugJYbvE4RAH1FEoag58SwJBiM=",
        "owner": "sixears",
        "repo": "flake-build-utils",
        "rev": "8eb022aad614f12049f552724f6cfc78f0775576",
        "type": "github"
      },
      "original": {
        "owner": "sixears",
        "ref": "r1.0.0.13",
        "repo": "flake-build-utils",
        "type": "github"
      }
    },
    "build-utils_3": {
      "inputs": {
        "flake-utils": "flake-utils_3"
      },
      "locked": {
        "lastModified": 1668837656,
        "narHash": "sha256-8OwroK3C07H/oljnuUugJYbvE4RAH1FEoag58SwJBiM=",
        "owner": "sixears",
        "repo": "flake-build-utils",
        "rev": "8eb022aad614f12049f552724f6cfc78f0775576",
        "type": "github"
      },
      "original": {
        "owner": "sixears",
        "ref": "r1.0.0.13",
        "repo": "flake-build-utils",
        "type": "github"
      }
    },
    "build-utils_4": {
      "inputs": {
        "flake-utils": "flake-utils_4"
      },
      "locked": {
        "lastModified": 1668837656,
        "narHash": "sha256-8OwroK3C07H/oljnuUugJYbvE4RAH1FEoag58SwJBiM=",
        "owner": "sixears",
        "repo": "flake-build-utils",
        "rev": "8eb022aad614f12049f552724f6cfc78f0775576",
        "type": "github"
      },
      "original": {
        "owner": "sixears",
        "ref": "r1.0.0.13",
        "repo": "flake-build-utils",
        "type": "github"
      }
    },
    "build-utils_5": {
      "inputs": {
        "flake-utils": "flake-utils_5"
      },
      "locked": {
        "lastModified": 1668837656,
        "narHash": "sha256-8OwroK3C07H/oljnuUugJYbvE4RAH1FEoag58SwJBiM=",
        "owner": "sixears",
        "repo": "flake-build-utils",
        "rev": "8eb022aad614f12049f552724f6cfc78f0775576",
        "type": "github"
      },
      "original": {
        "owner": "sixears",
        "ref": "r1.0.0.13",
        "repo": "flake-build-utils",
        "type": "github"
      }
    },
    "build-utils_6": {
      "inputs": {
        "flake-utils": "flake-utils_6"
      },
      "locked": {
        "lastModified": 1668837656,
        "narHash": "sha256-8OwroK3C07H/oljnuUugJYbvE4RAH1FEoag58SwJBiM=",
        "owner": "sixears",
        "repo": "flake-build-utils",
        "rev": "8eb022aad614f12049f552724f6cfc78f0775576",
        "type": "github"
      },
      "original": {
        "owner": "sixears",
        "ref": "r1.0.0.13",
        "repo": "flake-build-utils",
        "type": "github"
      }
    },
    "build-utils_7": {
      "inputs": {
        "flake-utils": "flake-utils_7"
      },
      "locked": {
        "lastModified": 1668837656,
        "narHash": "sha256-8OwroK3C07H/oljnuUugJYbvE4RAH1FEoag58SwJBiM=",
        "owner": "sixears",
        "repo": "flake-build-utils",
        "rev": "8eb022aad614f12049f552724f6cfc78f0775576",
        "type": "github"
      },
      "original": {
        "owner": "sixears",
        "ref": "r1.0.0.13",
        "repo": "flake-build-utils",
        "type": "github"
      }
    },
    "build-utils_8": {
      "inputs": {
        "flake-utils": "flake-utils_8"
      },
      "locked": {
        "lastModified": 1668837656,
        "narHash": "sha256-8OwroK3C07H/oljnuUugJYbvE4RAH1FEoag58SwJBiM=",
        "owner": "sixears",
        "repo": "flake-build-utils",
        "rev": "8eb022aad614f12049f552724f6cfc78f0775576",
        "type": "github"
      },
      "original": {
        "owner": "sixears",
        "ref": "r1.0.0.13",
        "repo": "flake-build-utils",
        "type": "github"
      }
    },
    "build-utils_9": {
      "inputs": {
        "flake-utils": "flake-utils_9"
      },
      "locked": {
        "lastModified": 1668837656,
        "narHash": "sha256-8OwroK3C07H/oljnuUugJYbvE4RAH1FEoag58SwJBiM=",
        "owner": "sixears",
        "repo": "flake-build-utils",
        "rev": "8eb022aad614f12049f552724f6cfc78f0775576",
        "type": "github"
      },
      "original": {
        "owner": "sixears",
        "ref": "r1.0.0.13",
        "repo": "flake-build-utils",
        "type": "github"
      }
    },
    "flake-utils": {
      "locked": {
        "lastModified": 1659877975,
        "narHash": "sha256-zllb8aq3YO3h8B/U0/J1WBgAL8EX5yWf5pMj3G0NAmc=",
        "owner": "numtide",
        "repo": "flake-utils",
        "rev": "c0e246b9b83f637f4681389ecabcb2681b4f3af0",
        "type": "github"
      },
      "original": {
        "owner": "numtide",
        "ref": "c0e246b9",
        "repo": "flake-utils",
        "type": "github"
      }
    },
    "flake-utils_2": {
      "locked": {
        "lastModified": 1659877975,
        "narHash": "sha256-zllb8aq3YO3h8B/U0/J1WBgAL8EX5yWf5pMj3G0NAmc=",
        "owner": "numtide",
        "repo": "flake-utils",
        "rev": "c0e246b9b83f637f4681389ecabcb2681b4f3af0",
        "type": "github"
      },
      "original": {
        "owner": "numtide",
        "ref": "c0e246b9",
        "repo": "flake-utils",
        "type": "github"
      }
    },
    "flake-utils_3": {
      "locked": {
        "lastModified": 1659877975,
        "narHash": "sha256-zllb8aq3YO3h8B/U0/J1WBgAL8EX5yWf5pMj3G0NAmc=",
        "owner": "numtide",
        "repo": "flake-utils",
        "rev": "c0e246b9b83f637f4681389ecabcb2681b4f3af0",
        "type": "github"
      },
      "original": {
        "owner": "numtide",
        "ref": "c0e246b9",
        "repo": "flake-utils",
        "type": "github"
      }
    },
    "flake-utils_4": {
      "locked": {
        "lastModified": 1659877975,
        "narHash": "sha256-zllb8aq3YO3h8B/U0/J1WBgAL8EX5yWf5pMj3G0NAmc=",
        "owner": "numtide",
        "repo": "flake-utils",
        "rev": "c0e246b9b83f637f4681389ecabcb2681b4f3af0",
        "type": "github"
      },
      "original": {
        "owner": "numtide",
        "ref": "c0e246b9",
        "repo": "flake-utils",
        "type": "github"
      }
    },
    "flake-utils_5": {
      "locked": {
        "lastModified": 1659877975,
        "narHash": "sha256-zllb8aq3YO3h8B/U0/J1WBgAL8EX5yWf5pMj3G0NAmc=",
        "owner": "numtide",
        "repo": "flake-utils",
        "rev": "c0e246b9b83f637f4681389ecabcb2681b4f3af0",
        "type": "github"
      },
      "original": {
        "owner": "numtide",
        "ref": "c0e246b9",
        "repo": "flake-utils",
        "type": "github"
      }
    },
    "flake-utils_6": {
      "locked": {
        "lastModified": 1659877975,
        "narHash": "sha256-zllb8aq3YO3h8B/U0/J1WBgAL8EX5yWf5pMj3G0NAmc=",
        "owner": "numtide",
        "repo": "flake-utils",
        "rev": "c0e246b9b83f637f4681389ecabcb2681b4f3af0",
        "type": "github"
      },
      "original": {
        "owner": "numtide",
        "ref": "c0e246b9",
        "repo": "flake-utils",
        "type": "github"
      }
    },
    "flake-utils_7": {
      "locked": {
        "lastModified": 1659877975,
        "narHash": "sha256-zllb8aq3YO3h8B/U0/J1WBgAL8EX5yWf5pMj3G0NAmc=",
        "owner": "numtide",
        "repo": "flake-utils",
        "rev": "c0e246b9b83f637f4681389ecabcb2681b4f3af0",
        "type": "github"
      },
      "original": {
        "owner": "numtide",
        "ref": "c0e246b9",
        "repo": "flake-utils",
        "type": "github"
      }
    },
    "flake-utils_8": {
      "locked": {
        "lastModified": 1659877975,
        "narHash": "sha256-zllb8aq3YO3h8B/U0/J1WBgAL8EX5yWf5pMj3G0NAmc=",
        "owner": "numtide",
        "repo": "flake-utils",
        "rev": "c0e246b9b83f637f4681389ecabcb2681b4f3af0",
        "type": "github"
      },
      "original": {
        "owner": "numtide",
        "ref": "c0e246b9",
        "repo": "flake-utils",
        "type": "github"
      }
    },
    "flake-utils_9": {
      "locked": {
        "lastModified": 1659877975,
        "narHash": "sha256-zllb8aq3YO3h8B/U0/J1WBgAL8EX5yWf5pMj3G0NAmc=",
        "owner": "numtide",
        "repo": "flake-utils",
        "rev": "c0e246b9b83f637f4681389ecabcb2681b4f3af0",
        "type": "github"
      },
      "original": {
        "owner": "numtide",
        "ref": "c0e246b9",
        "repo": "flake-utils",
        "type": "github"
      }
    },
    "has-callstack": {
      "inputs": {
        "build-utils": "build-utils_4",
        "more-unicode": "more-unicode",
        "natural": "natural",
        "nixpkgs": "nixpkgs_6"
      },
      "locked": {
        "lastModified": 1668839993,
        "narHash": "sha256-m0alaVVK+6lc/RKXIoIaT60LwJOBfVcRnwU0X7LTkVg=",
        "owner": "sixears",
        "repo": "has-callstack",
        "rev": "d40b3aff9d46d8489d651cbb01c9f71bd98eb8ee",
        "type": "github"
      },
      "original": {
        "owner": "sixears",
        "ref": "r1.0.1.17",
        "repo": "has-callstack",
        "type": "github"
      }
    },
    "more-unicode": {
      "inputs": {
        "build-utils": "build-utils_5",
        "nixpkgs": "nixpkgs_3"
      },
      "locked": {
        "lastModified": 1668838908,
        "narHash": "sha256-oRh/NDt8+Vv0/bgj2mtVbb200ZtK947NvO67lEgTVCE=",
        "owner": "sixears",
        "repo": "more-unicode",
        "rev": "f80f68e20dba330972a8b9266ca3d939f2754136",
        "type": "github"
      },
      "original": {
        "owner": "sixears",
        "ref": "r0.0.17.11",
        "repo": "more-unicode",
        "type": "github"
      }
    },
    "more-unicode_2": {
      "inputs": {
        "build-utils": "build-utils_7",
        "nixpkgs": "nixpkgs_4"
      },
      "locked": {
        "lastModified": 1668838908,
        "narHash": "sha256-oRh/NDt8+Vv0/bgj2mtVbb200ZtK947NvO67lEgTVCE=",
        "owner": "sixears",
        "repo": "more-unicode",
        "rev": "f80f68e20dba330972a8b9266ca3d939f2754136",
        "type": "github"
      },
      "original": {
        "owner": "sixears",
        "ref": "r0.0.17.11",
        "repo": "more-unicode",
        "type": "github"
      }
    },
    "more-unicode_3": {
      "inputs": {
        "build-utils": "build-utils_8",
        "nixpkgs": "nixpkgs_7"
      },
      "locked": {
        "lastModified": 1668838908,
        "narHash": "sha256-oRh/NDt8+Vv0/bgj2mtVbb200ZtK947NvO67lEgTVCE=",
        "owner": "sixears",
        "repo": "more-unicode",
        "rev": "f80f68e20dba330972a8b9266ca3d939f2754136",
        "type": "github"
      },
      "original": {
        "owner": "sixears",
        "ref": "r0.0.17.11",
        "repo": "more-unicode",
        "type": "github"
      }
    },
    "natural": {
      "inputs": {
        "build-utils": "build-utils_6",
        "more-unicode": "more-unicode_2",
        "nixpkgs": "nixpkgs_5"
      },
      "locked": {
        "lastModified": 1668839935,
        "narHash": "sha256-WeRSqUWcaN/idu9+qRUlCkzngA1Refq9BF8Pl6VT6kw=",
        "owner": "sixears",
        "repo": "natural",
        "rev": "ba8ac84bac1917f91fe1ccb5f31471529f19d4cd",
        "type": "github"
      },
      "original": {
        "owner": "sixears",
        "ref": "r0.0.1.13",
        "repo": "natural",
        "type": "github"
      }
    },
    "nixpkgs": {
      "locked": {
        "lastModified": 1665856284,
        "narHash": "sha256-FQusb2DuFo8UF0jhUSPFhDKc40jRbHcdyyw4anN20WA=",
        "owner": "nixos",
        "repo": "nixpkgs",
        "rev": "be44bf672c61a284f759898d1e59077b00655c4c",
        "type": "github"
      },
      "original": {
        "owner": "nixos",
        "ref": "be44bf67",
        "repo": "nixpkgs",
        "type": "github"
      }
    },
    "nixpkgs_2": {
      "locked": {
        "lastModified": 1665856284,
        "narHash": "sha256-FQusb2DuFo8UF0jhUSPFhDKc40jRbHcdyyw4anN20WA=",
        "owner": "nixos",
        "repo": "nixpkgs",
        "rev": "be44bf672c61a284f759898d1e59077b00655c4c",
        "type": "github"
      },
      "original": {
        "owner": "nixos",
        "ref": "be44bf67",
        "repo": "nixpkgs",
        "type": "github"
      }
    },
    "nixpkgs_3": {
      "locked": {
        "lastModified": 1665856284,
        "narHash": "sha256-FQusb2DuFo8UF0jhUSPFhDKc40jRbHcdyyw4anN20WA=",
        "owner": "nixos",
        "repo": "nixpkgs",
        "rev": "be44bf672c61a284f759898d1e59077b00655c4c",
        "type": "github"
      },
      "original": {
        "owner": "nixos",
        "ref": "be44bf67",
        "repo": "nixpkgs",
        "type": "github"
      }
    },
    "nixpkgs_4": {
      "locked": {
        "lastModified": 1665856284,
        "narHash": "sha256-FQusb2DuFo8UF0jhUSPFhDKc40jRbHcdyyw4anN20WA=",
        "owner": "nixos",
        "repo": "nixpkgs",
        "rev": "be44bf672c61a284f759898d1e59077b00655c4c",
        "type": "github"
      },
      "original": {
        "owner": "nixos",
        "ref": "be44bf67",
        "repo": "nixpkgs",
        "type": "github"
      }
    },
    "nixpkgs_5": {
      "locked": {
        "lastModified": 1665856284,
        "narHash": "sha256-FQusb2DuFo8UF0jhUSPFhDKc40jRbHcdyyw4anN20WA=",
        "owner": "nixos",
        "repo": "nixpkgs",
        "rev": "be44bf672c61a284f759898d1e59077b00655c4c",
        "type": "github"
      },
      "original": {
        "owner": "nixos",
        "ref": "be44bf67",
        "repo": "nixpkgs",
        "type": "github"
      }
    },
    "nixpkgs_6": {
      "locked": {
        "lastModified": 1665856284,
        "narHash": "sha256-FQusb2DuFo8UF0jhUSPFhDKc40jRbHcdyyw4anN20WA=",
        "owner": "nixos",
        "repo": "nixpkgs",
        "rev": "be44bf672c61a284f759898d1e59077b00655c4c",
        "type": "github"
      },
      "original": {
        "owner": "nixos",
        "ref": "be44bf67",
        "repo": "nixpkgs",
        "type": "github"
      }
    },
    "nixpkgs_7": {
      "locked": {
        "lastModified": 1665856284,
        "narHash": "sha256-FQusb2DuFo8UF0jhUSPFhDKc40jRbHcdyyw4anN20WA=",
        "owner": "nixos",
        "repo": "nixpkgs",
        "rev": "be44bf672c61a284f759898d1e59077b00655c4c",
        "type": "github"
      },
      "original": {
        "owner": "nixos",
        "ref": "be44bf67",
        "repo": "nixpkgs",
        "type": "github"
      }
    },
    "nixpkgs_8": {
      "locked": {
        "lastModified": 1665856284,
        "narHash": "sha256-FQusb2DuFo8UF0jhUSPFhDKc40jRbHcdyyw4anN20WA=",
        "owner": "nixos",
        "repo": "nixpkgs",
        "rev": "be44bf672c61a284f759898d1e59077b00655c4c",
        "type": "github"
      },
      "original": {
        "owner": "nixos",
        "ref": "be44bf67",
        "repo": "nixpkgs",
        "type": "github"
      }
    },
    "nixpkgs_9": {
      "locked": {
        "lastModified": 1665856284,
        "narHash": "sha256-FQusb2DuFo8UF0jhUSPFhDKc40jRbHcdyyw4anN20WA=",
        "owner": "nixos",
        "repo": "nixpkgs",
        "rev": "be44bf672c61a284f759898d1e59077b00655c4c",
        "type": "github"
      },
      "original": {
        "owner": "nixos",
        "ref": "be44bf67",
        "repo": "nixpkgs",
        "type": "github"
      }
    },
    "number": {
      "inputs": {
        "build-utils": "build-utils_9",
        "nixpkgs": "nixpkgs_9"
      },
      "locked": {
        "lastModified": 1668838915,
        "narHash": "sha256-qGwPhNWAyxr51OxV1xRQJrdEQvKk11YIb4UL0gfX3k0=",
        "owner": "sixears",
        "repo": "number",
        "rev": "9385e69bcaff42d9d254797ab6aa6bb0e315d1a4",
        "type": "github"
      },
      "original": {
        "owner": "sixears",
        "ref": "r1.1.2.13",
        "repo": "number",
        "type": "github"
      }
    },
    "root": {
      "inputs": {
        "base0t": "base0t",
        "build-utils": "build-utils_3",
        "has-callstack": "has-callstack",
        "more-unicode": "more-unicode_3",
        "nixpkgs": "nixpkgs_8",
        "number": "number"
      }
    }
  },
  "root": "root",
  "version": 7
}
